
Microsoft Visual Studio Solution File, Format Version 12.00
# Visual Studio Version 16
VisualStudioVersion = 16.0.31515.178
MinimumVisualStudioVersion = 10.0.40219.1
Project("{FAE04EC0-301F-11D3-BF4B-00C04F79EFBC}") = "SelectMethod", "SelectMethod\SelectMethod.csproj", "{2268FB01-C5C0-498A-9A51-063D9A2EDAD0}"
EndProject
Project("{FAE04EC0-301F-11D3-BF4B-00C04F79EFBC}") = "SelectMethodTesting", "SelectMethodTesting\SelectMethodTesting.csproj", "{52647AC8-2691-45D6-9EBE-8951B71B48F6}"
EndProject
Global
	GlobalSection(SolutionConfigurationPlatforms) = preSolution
		Debug|Any CPU = Debug|Any CPU
		Release|Any CPU = Release|Any CPU
	EndGlobalSection
	GlobalSection(ProjectConfigurationPlatforms) = postSolution
		{2268FB01-C5C0-498A-9A51-063D9A2EDAD0}.Debug|Any CPU.ActiveCfg = Debug|Any CPU
		{2268FB01-C5C0-498A-9A51-063D9A2EDAD0}.Debug|Any CPU.Build.0 = Debug|Any CPU
		{2268FB01-C5C0-498A-9A51-063D9A2EDAD0}.Release|Any CPU.ActiveCfg = Release|Any CPU
		{2268FB01-C5C0-498A-9A51-063D9A2EDAD0}.Release|Any CPU.Build.0 = Release|Any CPU
		{52647AC8-2691-45D6-9EBE-8951B71B48F6}.Debug|Any CPU.ActiveCfg = Debug|Any CPU
		{52647AC8-2691-45D6-9EBE-8951B71B48F6}.Debug|Any CPU.Build.0 = Debug|Any CPU
		{52647AC8-2691-45D6-9EBE-8951B71B48F6}.Release|Any CPU.ActiveCfg = Release|Any CPU
		{52647AC8-2691-45D6-9EBE-8951B71B48F6}.Release|Any CPU.Build.0 = Release|Any CPU
	EndGlobalSection
	GlobalSection(SolutionProperties) = preSolution
		HideSolutionNode = FALSE
	EndGlobalSection
	GlobalSection(ExtensibilityGlobals) = postSolution
		SolutionGuid = {13225FBA-54DD-4EE8-99B9-807EA84C4B10}
	EndGlobalSection
EndGlobal
